
Microsoft Visual Studio Solution File, Format Version 12.00
# Visual Studio 15
VisualStudioVersion = 15.0.28010.2036
MinimumVisualStudioVersion = 10.0.40219.1
Project("{9A19103F-16F7-4668-BE54-9A1E7A4F7556}") = "DasboardProjectBE", "DasboardProjectBE\DasboardProjectBE.csproj", "{9C49FB59-6962-48EF-830E-20E9B4CBE706}"
EndProject
Project("{2150E333-8FDC-42A3-9474-1A3956D46DE8}") = "1.Distributed Services", "1.Distributed Services", "{6C03B5B1-0BCA-4E50-BA27-028DD591F68C}"
EndProject
Project("{2150E333-8FDC-42A3-9474-1A3956D46DE8}") = "2.Service Library", "2.Service Library", "{CD05BB74-42BA-4484-BFC9-15D229878DAF}"
EndProject
Project("{2150E333-8FDC-42A3-9474-1A3956D46DE8}") = "3.Infrastructure", "3.Infrastructure", "{3A92714C-C409-46A7-9687-2A446883EF10}"
EndProject
Project("{9A19103F-16F7-4668-BE54-9A1E7A4F7556}") = "DasboardProjectBE.ServiceLibrary.Entities", "DasboardProjectBE.Domain.Entities\DasboardProjectBE.ServiceLibrary.Entities.csproj", "{3D84AB27-84C7-4940-B27A-74AEAD3C6025}"
EndProject
Project("{9A19103F-16F7-4668-BE54-9A1E7A4F7556}") = "DasboardProjectBE.Data", "DasboardProjectBE.Data\DasboardProjectBE.Data.csproj", "{7502A9D1-F1B8-4554-9A42-BAE0142163CB}"
EndProject
Project("{9A19103F-16F7-4668-BE54-9A1E7A4F7556}") = "DasboardProjectBE.ServiceLibrary", "DasboardProjectBE.ServiceLibrary\DasboardProjectBE.ServiceLibrary.csproj", "{193EC691-880A-44D4-B35C-CA0CAB72A1C6}"
EndProject
Project("{9A19103F-16F7-4668-BE54-9A1E7A4F7556}") = "DasboardProjectBE.ServiceLibrary.Common", "DasboardProjectBE.ServiceLibrary.Common\DasboardProjectBE.ServiceLibrary.Common.csproj", "{6ACD2FB6-3B85-48FA-AE9A-936A257C82AC}"
EndProject
Project("{9A19103F-16F7-4668-BE54-9A1E7A4F7556}") = "DasboardProjectBE.ServiceLibrary.IoC", "DasboardProjectBE.ServiceLibrary.IoC\DasboardProjectBE.ServiceLibrary.IoC.csproj", "{C8C854F3-B539-4616-985E-61D8CE942E9A}"
EndProject
Global
	GlobalSection(SolutionConfigurationPlatforms) = preSolution
		Debug|Any CPU = Debug|Any CPU
		Release|Any CPU = Release|Any CPU
	EndGlobalSection
	GlobalSection(ProjectConfigurationPlatforms) = postSolution
		{9C49FB59-6962-48EF-830E-20E9B4CBE706}.Debug|Any CPU.ActiveCfg = Debug|Any CPU
		{9C49FB59-6962-48EF-830E-20E9B4CBE706}.Debug|Any CPU.Build.0 = Debug|Any CPU
		{9C49FB59-6962-48EF-830E-20E9B4CBE706}.Release|Any CPU.ActiveCfg = Release|Any CPU
		{9C49FB59-6962-48EF-830E-20E9B4CBE706}.Release|Any CPU.Build.0 = Release|Any CPU
		{3D84AB27-84C7-4940-B27A-74AEAD3C6025}.Debug|Any CPU.ActiveCfg = Debug|Any CPU
		{3D84AB27-84C7-4940-B27A-74AEAD3C6025}.Debug|Any CPU.Build.0 = Debug|Any CPU
		{3D84AB27-84C7-4940-B27A-74AEAD3C6025}.Release|Any CPU.ActiveCfg = Release|Any CPU
		{3D84AB27-84C7-4940-B27A-74AEAD3C6025}.Release|Any CPU.Build.0 = Release|Any CPU
		{7502A9D1-F1B8-4554-9A42-BAE0142163CB}.Debug|Any CPU.ActiveCfg = Debug|Any CPU
		{7502A9D1-F1B8-4554-9A42-BAE0142163CB}.Debug|Any CPU.Build.0 = Debug|Any CPU
		{7502A9D1-F1B8-4554-9A42-BAE0142163CB}.Release|Any CPU.ActiveCfg = Release|Any CPU
		{7502A9D1-F1B8-4554-9A42-BAE0142163CB}.Release|Any CPU.Build.0 = Release|Any CPU
		{193EC691-880A-44D4-B35C-CA0CAB72A1C6}.Debug|Any CPU.ActiveCfg = Debug|Any CPU
		{193EC691-880A-44D4-B35C-CA0CAB72A1C6}.Debug|Any CPU.Build.0 = Debug|Any CPU
		{193EC691-880A-44D4-B35C-CA0CAB72A1C6}.Release|Any CPU.ActiveCfg = Release|Any CPU
		{193EC691-880A-44D4-B35C-CA0CAB72A1C6}.Release|Any CPU.Build.0 = Release|Any CPU
		{6ACD2FB6-3B85-48FA-AE9A-936A257C82AC}.Debug|Any CPU.ActiveCfg = Debug|Any CPU
		{6ACD2FB6-3B85-48FA-AE9A-936A257C82AC}.Debug|Any CPU.Build.0 = Debug|Any CPU
		{6ACD2FB6-3B85-48FA-AE9A-936A257C82AC}.Release|Any CPU.ActiveCfg = Release|Any CPU
		{6ACD2FB6-3B85-48FA-AE9A-936A257C82AC}.Release|Any CPU.Build.0 = Release|Any CPU
		{C8C854F3-B539-4616-985E-61D8CE942E9A}.Debug|Any CPU.ActiveCfg = Debug|Any CPU
		{C8C854F3-B539-4616-985E-61D8CE942E9A}.Debug|Any CPU.Build.0 = Debug|Any CPU
		{C8C854F3-B539-4616-985E-61D8CE942E9A}.Release|Any CPU.ActiveCfg = Release|Any CPU
		{C8C854F3-B539-4616-985E-61D8CE942E9A}.Release|Any CPU.Build.0 = Release|Any CPU
	EndGlobalSection
	GlobalSection(SolutionProperties) = preSolution
		HideSolutionNode = FALSE
	EndGlobalSection
	GlobalSection(NestedProjects) = preSolution
		{9C49FB59-6962-48EF-830E-20E9B4CBE706} = {6C03B5B1-0BCA-4E50-BA27-028DD591F68C}
		{3D84AB27-84C7-4940-B27A-74AEAD3C6025} = {CD05BB74-42BA-4484-BFC9-15D229878DAF}
		{7502A9D1-F1B8-4554-9A42-BAE0142163CB} = {3A92714C-C409-46A7-9687-2A446883EF10}
		{193EC691-880A-44D4-B35C-CA0CAB72A1C6} = {CD05BB74-42BA-4484-BFC9-15D229878DAF}
		{6ACD2FB6-3B85-48FA-AE9A-936A257C82AC} = {CD05BB74-42BA-4484-BFC9-15D229878DAF}
		{C8C854F3-B539-4616-985E-61D8CE942E9A} = {CD05BB74-42BA-4484-BFC9-15D229878DAF}
	EndGlobalSection
	GlobalSection(ExtensibilityGlobals) = postSolution
		SolutionGuid = {AEE322D1-FE2A-4C81-8841-A5D50724ECA6}
	EndGlobalSection
EndGlobal
